
Microsoft Visual Studio Solution File, Format Version 12.00
# Visual Studio Version 17
VisualStudioVersion = 17.10.35013.160
MinimumVisualStudioVersion = 10.0.40219.1
Project("{FAE04EC0-301F-11D3-BF4B-00C04F79EFBC}") = "WinFormsApp2", "WinFormsApp2\WinFormsApp2.csproj", "{B0CDF549-7CA1-42F1-8F1D-C6594F8BA7FE}"
EndProject
Global
	GlobalSection(SolutionConfigurationPlatforms) = preSolution
		Debug|Any CPU = Debug|Any CPU
		Release|Any CPU = Release|Any CPU
	EndGlobalSection
	GlobalSection(ProjectConfigurationPlatforms) = postSolution
		{B0CDF549-7CA1-42F1-8F1D-C6594F8BA7FE}.Debug|Any CPU.ActiveCfg = Debug|Any CPU
		{B0CDF549-7CA1-42F1-8F1D-C6594F8BA7FE}.Debug|Any CPU.Build.0 = Debug|Any CPU
		{B0CDF549-7CA1-42F1-8F1D-C6594F8BA7FE}.Release|Any CPU.ActiveCfg = Release|Any CPU
		{B0CDF549-7CA1-42F1-8F1D-C6594F8BA7FE}.Release|Any CPU.Build.0 = Release|Any CPU
	EndGlobalSection
	GlobalSection(SolutionProperties) = preSolution
		HideSolutionNode = FALSE
	EndGlobalSection
	GlobalSection(ExtensibilityGlobals) = postSolution
		SolutionGuid = {B50D7418-EEFA-4839-A34C-FBD4211E2C65}
	EndGlobalSection
EndGlobal
